// !$*UTF8*$!
{
	archiveVersion = 1;
	classes = {
	};
	objectVersion = 46;
	objects = {

/* Begin PBXBuildFile section */
		10218ED81BF48DBC00E1A839 /* defaultcell.png in Resources */ = {isa = PBXBuildFile; fileRef = 10218ED71BF48DBC00E1A839 /* defaultcell.png */; };
		10228DE41BE8889400249B4E /* ChannelInfo.m in Sources */ = {isa = PBXBuildFile; fileRef = 10228DE31BE8889400249B4E /* ChannelInfo.m */; };
		10228DEA1BE8892E00249B4E /* ChannelTableViewController.m in Sources */ = {isa = PBXBuildFile; fileRef = 10228DE91BE8892E00249B4E /* ChannelTableViewController.m */; };
		10228DED1BE9EE9100249B4E /* ChannelGroup.m in Sources */ = {isa = PBXBuildFile; fileRef = 10228DEC1BE9EE9100249B4E /* ChannelGroup.m */; };
		1046C4F41BE0A30000E1AB3C /* Main.storyboard in Resources */ = {isa = PBXBuildFile; fileRef = 1046C4F21BE0A30000E1AB3C /* Main.storyboard */; };
		1046C4F71BE0A30000E1AB3C /* FunVideo.xcdatamodeld in Sources */ = {isa = PBXBuildFile; fileRef = 1046C4F51BE0A30000E1AB3C /* FunVideo.xcdatamodeld */; };
		1046C4F91BE0A30000E1AB3C /* Assets.xcassets in Resources */ = {isa = PBXBuildFile; fileRef = 1046C4F81BE0A30000E1AB3C /* Assets.xcassets */; };
		1046C4FC1BE0A30000E1AB3C /* LaunchScreen.storyboard in Resources */ = {isa = PBXBuildFile; fileRef = 1046C4FA1BE0A30000E1AB3C /* LaunchScreen.storyboard */; };
		1046C5071BE0A30000E1AB3C /* FunVideoTests.m in Sources */ = {isa = PBXBuildFile; fileRef = 1046C5061BE0A30000E1AB3C /* FunVideoTests.m */; };
		1046C5121BE0A30000E1AB3C /* FunVideoUITests.m in Sources */ = {isa = PBXBuildFile; fileRef = 1046C5111BE0A30000E1AB3C /* FunVideoUITests.m */; };
		1046C5261BE0A78700E1AB3C /* albumBlock.png in Resources */ = {isa = PBXBuildFile; fileRef = 1046C5241BE0A78700E1AB3C /* albumBlock.png */; };
		1046C5271BE0A78700E1AB3C /* Contents.json in Resources */ = {isa = PBXBuildFile; fileRef = 1046C5251BE0A78700E1AB3C /* Contents.json */; };
		1046C52B1BE0A79400E1AB3C /* albumBlock2.png in Resources */ = {isa = PBXBuildFile; fileRef = 1046C5291BE0A79400E1AB3C /* albumBlock2.png */; };
		1046C52C1BE0A79400E1AB3C /* Contents.json in Resources */ = {isa = PBXBuildFile; fileRef = 1046C52A1BE0A79400E1AB3C /* Contents.json */; };
		1046C5311BE0A79E00E1AB3C /* Contents.json in Resources */ = {isa = PBXBuildFile; fileRef = 1046C52E1BE0A79E00E1AB3C /* Contents.json */; };
		1046C5321BE0A79E00E1AB3C /* icon@2x.png in Resources */ = {isa = PBXBuildFile; fileRef = 1046C52F1BE0A79E00E1AB3C /* icon@2x.png */; };
		1046C5331BE0A79E00E1AB3C /* icon@3x.png in Resources */ = {isa = PBXBuildFile; fileRef = 1046C5301BE0A79E00E1AB3C /* icon@3x.png */; };
		1046C5441BE0A7AC00E1AB3C /* Contents.json in Resources */ = {isa = PBXBuildFile; fileRef = 1046C5361BE0A7AC00E1AB3C /* Contents.json */; };
		1046C5451BE0A7AC00E1AB3C /* menuChannel.png in Resources */ = {isa = PBXBuildFile; fileRef = 1046C5371BE0A7AC00E1AB3C /* menuChannel.png */; };
		1046C5461BE0A7AC00E1AB3C /* Contents.json in Resources */ = {isa = PBXBuildFile; fileRef = 1046C5391BE0A7AC00E1AB3C /* Contents.json */; };
		1046C5471BE0A7AC00E1AB3C /* menuClose.png in Resources */ = {isa = PBXBuildFile; fileRef = 1046C53A1BE0A7AC00E1AB3C /* menuClose.png */; };
		1046C5481BE0A7AC00E1AB3C /* Contents.json in Resources */ = {isa = PBXBuildFile; fileRef = 1046C53C1BE0A7AC00E1AB3C /* Contents.json */; };
		1046C5491BE0A7AC00E1AB3C /* menuIcon.png in Resources */ = {isa = PBXBuildFile; fileRef = 1046C53D1BE0A7AC00E1AB3C /* menuIcon.png */; };
		1046C54A1BE0A7AC00E1AB3C /* Contents.json in Resources */ = {isa = PBXBuildFile; fileRef = 1046C53F1BE0A7AC00E1AB3C /* Contents.json */; };
		1046C54B1BE0A7AC00E1AB3C /* menuLogin.png in Resources */ = {isa = PBXBuildFile; fileRef = 1046C5401BE0A7AC00E1AB3C /* menuLogin.png */; };
		1046C54C1BE0A7AC00E1AB3C /* Contents.json in Resources */ = {isa = PBXBuildFile; fileRef = 1046C5421BE0A7AC00E1AB3C /* Contents.json */; };
		1046C54D1BE0A7AC00E1AB3C /* menuPlayer.png in Resources */ = {isa = PBXBuildFile; fileRef = 1046C5431BE0A7AC00E1AB3C /* menuPlayer.png */; };
		1046C5511BE0A7B500E1AB3C /* Contents.json in Resources */ = {isa = PBXBuildFile; fileRef = 1046C54F1BE0A7B500E1AB3C /* Contents.json */; };
		1046C5521BE0A7B500E1AB3C /* login.png in Resources */ = {isa = PBXBuildFile; fileRef = 1046C5501BE0A7B500E1AB3C /* login.png */; };
		1046C5661BE0A7BE00E1AB3C /* Contents.json in Resources */ = {isa = PBXBuildFile; fileRef = 1046C5551BE0A7BE00E1AB3C /* Contents.json */; };
		1046C5671BE0A7BE00E1AB3C /* delete.png in Resources */ = {isa = PBXBuildFile; fileRef = 1046C5561BE0A7BE00E1AB3C /* delete.png */; };
		1046C5681BE0A7BE00E1AB3C /* Contents.json in Resources */ = {isa = PBXBuildFile; fileRef = 1046C5581BE0A7BE00E1AB3C /* Contents.json */; };
		1046C5691BE0A7BE00E1AB3C /* heart1.png in Resources */ = {isa = PBXBuildFile; fileRef = 1046C5591BE0A7BE00E1AB3C /* heart1.png */; };
		1046C56A1BE0A7BE00E1AB3C /* Contents.json in Resources */ = {isa = PBXBuildFile; fileRef = 1046C55B1BE0A7BE00E1AB3C /* Contents.json */; };
		1046C56B1BE0A7BE00E1AB3C /* heart2.png in Resources */ = {isa = PBXBuildFile; fileRef = 1046C55C1BE0A7BE00E1AB3C /* heart2.png */; };
		1046C56C1BE0A7BE00E1AB3C /* Contents.json in Resources */ = {isa = PBXBuildFile; fileRef = 1046C55E1BE0A7BE00E1AB3C /* Contents.json */; };
		1046C56D1BE0A7BE00E1AB3C /* next.png in Resources */ = {isa = PBXBuildFile; fileRef = 1046C55F1BE0A7BE00E1AB3C /* next.png */; };
		1046C56E1BE0A7BE00E1AB3C /* Contents.json in Resources */ = {isa = PBXBuildFile; fileRef = 1046C5611BE0A7BE00E1AB3C /* Contents.json */; };
		1046C56F1BE0A7BE00E1AB3C /* stop.png in Resources */ = {isa = PBXBuildFile; fileRef = 1046C5621BE0A7BE00E1AB3C /* stop.png */; };
		1046C5701BE0A7BE00E1AB3C /* Contents.json in Resources */ = {isa = PBXBuildFile; fileRef = 1046C5641BE0A7BE00E1AB3C /* Contents.json */; };
		1046C5711BE0A7BE00E1AB3C /* play.png in Resources */ = {isa = PBXBuildFile; fileRef = 1046C5651BE0A7BE00E1AB3C /* play.png */; };
		1046C5771BE0A89300E1AB3C /* AppDelegate.m in Sources */ = {isa = PBXBuildFile; fileRef = 1046C5761BE0A89300E1AB3C /* AppDelegate.m */; };
		1046C57A1BE0A8CB00E1AB3C /* main.m in Sources */ = {isa = PBXBuildFile; fileRef = 1046C5791BE0A8CB00E1AB3C /* main.m */; };
		1046C5811BE0A99800E1AB3C /* PlayerInfo.m in Sources */ = {isa = PBXBuildFile; fileRef = 1046C5801BE0A99800E1AB3C /* PlayerInfo.m */; };
		1046C5841BE0A9BC00E1AB3C /* SongInfo.m in Sources */ = {isa = PBXBuildFile; fileRef = 1046C5831BE0A9BC00E1AB3C /* SongInfo.m */; };
		1046C5871BE0A9EC00E1AB3C /* PlayerViewController.m in Sources */ = {isa = PBXBuildFile; fileRef = 1046C5861BE0A9EC00E1AB3C /* PlayerViewController.m */; };
		1046C58E1BE0AA5900E1AB3C /* SideBarController.m in Sources */ = {isa = PBXBuildFile; fileRef = 1046C58D1BE0AA5900E1AB3C /* SideBarController.m */; };
		1046C5931BE0AB5800E1AB3C /* DoubanServer.m in Sources */ = {isa = PBXBuildFile; fileRef = 1046C5921BE0AB5800E1AB3C /* DoubanServer.m */; };
		1046C59B1BE0BC1900E1AB3C /* LoginInfo.m in Sources */ = {isa = PBXBuildFile; fileRef = 1046C59A1BE0BC1900E1AB3C /* LoginInfo.m */; };
		1046C59E1BE0C61B00E1AB3C /* LoginViewController.m in Sources */ = {isa = PBXBuildFile; fileRef = 1046C59D1BE0C61B00E1AB3C /* LoginViewController.m */; };
		1046C5A51BE3043100E1AB3C /* CaptchaImageInfo.m in Sources */ = {isa = PBXBuildFile; fileRef = 1046C5A41BE3043100E1AB3C /* CaptchaImageInfo.m */; };
		1046C5AC1BE3578600E1AB3C /* UserInfo.m in Sources */ = {isa = PBXBuildFile; fileRef = 1046C5AB1BE3578600E1AB3C /* UserInfo.m */; };
		1046C5AF1BE357AC00E1AB3C /* UserViewController.m in Sources */ = {isa = PBXBuildFile; fileRef = 1046C5AE1BE357AC00E1AB3C /* UserViewController.m */; };
		10ED87931BF5B63200F4337F /* noneuser.png in Resources */ = {isa = PBXBuildFile; fileRef = 10ED87921BF5B63200F4337F /* noneuser.png */; };
		7187FF7CA19DCFC661048A2E /* libPods.a in Frameworks */ = {isa = PBXBuildFile; fileRef = AACD72BB6729449486DA6862 /* libPods.a */; };
/* End PBXBuildFile section */

/* Begin PBXContainerItemProxy section */
		1046C5031BE0A30000E1AB3C /* PBXContainerItemProxy */ = {
			isa = PBXContainerItemProxy;
			containerPortal = 1046C4DE1BE0A30000E1AB3C /* Project object */;
			proxyType = 1;
			remoteGlobalIDString = 1046C4E51BE0A30000E1AB3C;
			remoteInfo = FunVideo;
		};
		1046C50E1BE0A30000E1AB3C /* PBXContainerItemProxy */ = {
			isa = PBXContainerItemProxy;
			containerPortal = 1046C4DE1BE0A30000E1AB3C /* Project object */;
			proxyType = 1;
			remoteGlobalIDString = 1046C4E51BE0A30000E1AB3C;
			remoteInfo = FunVideo;
		};
/* End PBXContainerItemProxy section */

/* Begin PBXFileReference section */
		10218ED71BF48DBC00E1A839 /* defaultcell.png */ = {isa = PBXFileReference; lastKnownFileType = image.png; name = defaultcell.png; path = Images.xcassets/defaultcell.png; sourceTree = "<group>"; };
		10228DE21BE8889400249B4E /* ChannelInfo.h */ = {isa = PBXFileReference; fileEncoding = 4; lastKnownFileType = sourcecode.c.h; name = ChannelInfo.h; path = FunVideo_Code/ChannelView/Model/ChannelInfo.h; sourceTree = "<group>"; };
		10228DE31BE8889400249B4E /* ChannelInfo.m */ = {isa = PBXFileReference; fileEncoding = 4; lastKnownFileType = sourcecode.c.objc; name = ChannelInfo.m; path = FunVideo_Code/ChannelView/Model/ChannelInfo.m; sourceTree = "<group>"; };
		10228DE81BE8892E00249B4E /* ChannelTableViewController.h */ = {isa = PBXFileReference; fileEncoding = 4; lastKnownFileType = sourcecode.c.h; name = ChannelTableViewController.h; path = FunVideo_Code/ChannelView/Controller/ChannelTableViewController.h; sourceTree = "<group>"; };
		10228DE91BE8892E00249B4E /* ChannelTableViewController.m */ = {isa = PBXFileReference; fileEncoding = 4; lastKnownFileType = sourcecode.c.objc; name = ChannelTableViewController.m; path = FunVideo_Code/ChannelView/Controller/ChannelTableViewController.m; sourceTree = "<group>"; };
		10228DEB1BE9EE9100249B4E /* ChannelGroup.h */ = {isa = PBXFileReference; fileEncoding = 4; lastKnownFileType = sourcecode.c.h; name = ChannelGroup.h; path = FunVideo_Code/ChannelView/Model/ChannelGroup.h; sourceTree = "<group>"; };
		10228DEC1BE9EE9100249B4E /* ChannelGroup.m */ = {isa = PBXFileReference; fileEncoding = 4; lastKnownFileType = sourcecode.c.objc; name = ChannelGroup.m; path = FunVideo_Code/ChannelView/Model/ChannelGroup.m; sourceTree = "<group>"; };
		1046C4E61BE0A30000E1AB3C /* FunVideo.app */ = {isa = PBXFileReference; explicitFileType = wrapper.application; includeInIndex = 0; path = FunVideo.app; sourceTree = BUILT_PRODUCTS_DIR; };
		1046C4F31BE0A30000E1AB3C /* Base */ = {isa = PBXFileReference; lastKnownFileType = file.storyboard; name = Base; path = Base.lproj/Main.storyboard; sourceTree = "<group>"; };
		1046C4F61BE0A30000E1AB3C /* FunVideo.xcdatamodel */ = {isa = PBXFileReference; lastKnownFileType = wrapper.xcdatamodel; path = FunVideo.xcdatamodel; sourceTree = "<group>"; };
		1046C4F81BE0A30000E1AB3C /* Assets.xcassets */ = {isa = PBXFileReference; lastKnownFileType = folder.assetcatalog; path = Assets.xcassets; sourceTree = "<group>"; };
		1046C4FB1BE0A30000E1AB3C /* Base */ = {isa = PBXFileReference; lastKnownFileType = file.storyboard; name = Base; path = Base.lproj/LaunchScreen.storyboard; sourceTree = "<group>"; };
		1046C4FD1BE0A30000E1AB3C /* Info.plist */ = {isa = PBXFileReference; lastKnownFileType = text.plist.xml; path = Info.plist; sourceTree = "<group>"; };
		1046C5021BE0A30000E1AB3C /* FunVideoTests.xctest */ = {isa = PBXFileReference; explicitFileType = wrapper.cfbundle; includeInIndex = 0; path = FunVideoTests.xctest; sourceTree = BUILT_PRODUCTS_DIR; };
		1046C5061BE0A30000E1AB3C /* FunVideoTests.m */ = {isa = PBXFileReference; lastKnownFileType = sourcecode.c.objc; path = FunVideoTests.m; sourceTree = "<group>"; };
		1046C5081BE0A30000E1AB3C /* Info.plist */ = {isa = PBXFileReference; lastKnownFileType = text.plist.xml; path = Info.plist; sourceTree = "<group>"; };
		1046C50D1BE0A30000E1AB3C /* FunVideoUITests.xctest */ = {isa = PBXFileReference; explicitFileType = wrapper.cfbundle; includeInIndex = 0; path = FunVideoUITests.xctest; sourceTree = BUILT_PRODUCTS_DIR; };
		1046C5111BE0A30000E1AB3C /* FunVideoUITests.m */ = {isa = PBXFileReference; lastKnownFileType = sourcecode.c.objc; path = FunVideoUITests.m; sourceTree = "<group>"; };
		1046C5131BE0A30000E1AB3C /* Info.plist */ = {isa = PBXFileReference; lastKnownFileType = text.plist.xml; path = Info.plist; sourceTree = "<group>"; };
		1046C5241BE0A78700E1AB3C /* albumBlock.png */ = {isa = PBXFileReference; lastKnownFileType = image.png; path = albumBlock.png; sourceTree = "<group>"; };
		1046C5251BE0A78700E1AB3C /* Contents.json */ = {isa = PBXFileReference; fileEncoding = 4; lastKnownFileType = text.json; path = Contents.json; sourceTree = "<group>"; };
		1046C5291BE0A79400E1AB3C /* albumBlock2.png */ = {isa = PBXFileReference; lastKnownFileType = image.png; path = albumBlock2.png; sourceTree = "<group>"; };
		1046C52A1BE0A79400E1AB3C /* Contents.json */ = {isa = PBXFileReference; fileEncoding = 4; lastKnownFileType = text.json; path = Contents.json; sourceTree = "<group>"; };
		1046C52E1BE0A79E00E1AB3C /* Contents.json */ = {isa = PBXFileReference; fileEncoding = 4; lastKnownFileType = text.json; path = Contents.json; sourceTree = "<group>"; };
		1046C52F1BE0A79E00E1AB3C /* icon@2x.png */ = {isa = PBXFileReference; lastKnownFileType = image.png; path = "icon@2x.png"; sourceTree = "<group>"; };
		1046C5301BE0A79E00E1AB3C /* icon@3x.png */ = {isa = PBXFileReference; lastKnownFileType = image.png; path = "icon@3x.png"; sourceTree = "<group>"; };
		1046C5361BE0A7AC00E1AB3C /* Contents.json */ = {isa = PBXFileReference; fileEncoding = 4; lastKnownFileType = text.json; path = Contents.json; sourceTree = "<group>"; };
		1046C5371BE0A7AC00E1AB3C /* menuChannel.png */ = {isa = PBXFileReference; lastKnownFileType = image.png; path = menuChannel.png; sourceTree = "<group>"; };
		1046C5391BE0A7AC00E1AB3C /* Contents.json */ = {isa = PBXFileReference; fileEncoding = 4; lastKnownFileType = text.json; path = Contents.json; sourceTree = "<group>"; };
		1046C53A1BE0A7AC00E1AB3C /* menuClose.png */ = {isa = PBXFileReference; lastKnownFileType = image.png; path = menuClose.png; sourceTree = "<group>"; };
		1046C53C1BE0A7AC00E1AB3C /* Contents.json */ = {isa = PBXFileReference; fileEncoding = 4; lastKnownFileType = text.json; path = Contents.json; sourceTree = "<group>"; };
		1046C53D1BE0A7AC00E1AB3C /* menuIcon.png */ = {isa = PBXFileReference; lastKnownFileType = image.png; path = menuIcon.png; sourceTree = "<group>"; };
		1046C53F1BE0A7AC00E1AB3C /* Contents.json */ = {isa = PBXFileReference; fileEncoding = 4; lastKnownFileType = text.json; path = Contents.json; sourceTree = "<group>"; };
		1046C5401BE0A7AC00E1AB3C /* menuLogin.png */ = {isa = PBXFileReference; lastKnownFileType = image.png; path = menuLogin.png; sourceTree = "<group>"; };
		1046C5421BE0A7AC00E1AB3C /* Contents.json */ = {isa = PBXFileReference; fileEncoding = 4; lastKnownFileType = text.json; path = Contents.json; sourceTree = "<group>"; };
		1046C5431BE0A7AC00E1AB3C /* menuPlayer.png */ = {isa = PBXFileReference; lastKnownFileType = image.png; path = menuPlayer.png; sourceTree = "<group>"; };
		1046C54F1BE0A7B500E1AB3C /* Contents.json */ = {isa = PBXFileReference; fileEncoding = 4; lastKnownFileType = text.json; path = Contents.json; sourceTree = "<group>"; };
		1046C5501BE0A7B500E1AB3C /* login.png */ = {isa = PBXFileReference; lastKnownFileType = image.png; path = login.png; sourceTree = "<group>"; };
		1046C5551BE0A7BE00E1AB3C /* Contents.json */ = {isa = PBXFileReference; fileEncoding = 4; lastKnownFileType = text.json; path = Contents.json; sourceTree = "<group>"; };
		1046C5561BE0A7BE00E1AB3C /* delete.png */ = {isa = PBXFileReference; lastKnownFileType = image.png; path = delete.png; sourceTree = "<group>"; };
		1046C5581BE0A7BE00E1AB3C /* Contents.json */ = {isa = PBXFileReference; fileEncoding = 4; lastKnownFileType = text.json; path = Contents.json; sourceTree = "<group>"; };
		1046C5591BE0A7BE00E1AB3C /* heart1.png */ = {isa = PBXFileReference; lastKnownFileType = image.png; path = heart1.png; sourceTree = "<group>"; };
		1046C55B1BE0A7BE00E1AB3C /* Contents.json */ = {isa = PBXFileReference; fileEncoding = 4; lastKnownFileType = text.json; path = Contents.json; sourceTree = "<group>"; };
		1046C55C1BE0A7BE00E1AB3C /* heart2.png */ = {isa = PBXFileReference; lastKnownFileType = image.png; path = heart2.png; sourceTree = "<group>"; };
		1046C55E1BE0A7BE00E1AB3C /* Contents.json */ = {isa = PBXFileReference; fileEncoding = 4; lastKnownFileType = text.json; path = Contents.json; sourceTree = "<group>"; };
		1046C55F1BE0A7BE00E1AB3C /* next.png */ = {isa = PBXFileReference; lastKnownFileType = image.png; path = next.png; sourceTree = "<group>"; };
		1046C5611BE0A7BE00E1AB3C /* Contents.json */ = {isa = PBXFileReference; fileEncoding = 4; lastKnownFileType = text.json; path = Contents.json; sourceTree = "<group>"; };
		1046C5621BE0A7BE00E1AB3C /* stop.png */ = {isa = PBXFileReference; lastKnownFileType = image.png; path = stop.png; sourceTree = "<group>"; };
		1046C5641BE0A7BE00E1AB3C /* Contents.json */ = {isa = PBXFileReference; fileEncoding = 4; lastKnownFileType = text.json; path = Contents.json; sourceTree = "<group>"; };
		1046C5651BE0A7BE00E1AB3C /* play.png */ = {isa = PBXFileReference; lastKnownFileType = image.png; path = play.png; sourceTree = "<group>"; };
		1046C5751BE0A88A00E1AB3C /* AppDelegate.h */ = {isa = PBXFileReference; fileEncoding = 4; lastKnownFileType = sourcecode.c.h; name = AppDelegate.h; path = FunVideo_Code/APP/AppDelegate.h; sourceTree = "<group>"; };
		1046C5761BE0A89300E1AB3C /* AppDelegate.m */ = {isa = PBXFileReference; fileEncoding = 4; lastKnownFileType = sourcecode.c.objc; name = AppDelegate.m; path = FunVideo_Code/APP/AppDelegate.m; sourceTree = "<group>"; };
		1046C5781BE0A89E00E1AB3C /* Commons.h */ = {isa = PBXFileReference; fileEncoding = 4; lastKnownFileType = sourcecode.c.h; name = Commons.h; path = FunVideo_Code/APP/Commons.h; sourceTree = "<group>"; };
		1046C5791BE0A8CB00E1AB3C /* main.m */ = {isa = PBXFileReference; fileEncoding = 4; lastKnownFileType = sourcecode.c.objc; name = main.m; path = FunVideo_Code/APP/main.m; sourceTree = "<group>"; };
		1046C57F1BE0A97900E1AB3C /* PlayerInfo.h */ = {isa = PBXFileReference; fileEncoding = 4; lastKnownFileType = sourcecode.c.h; name = PlayerInfo.h; path = FunVideo_Code/PlayerVIew/Model/PlayerInfo.h; sourceTree = "<group>"; };
		1046C5801BE0A99800E1AB3C /* PlayerInfo.m */ = {isa = PBXFileReference; fileEncoding = 4; lastKnownFileType = sourcecode.c.objc; name = PlayerInfo.m; path = FunVideo_Code/PlayerVIew/Model/PlayerInfo.m; sourceTree = "<group>"; };
		1046C5821BE0A9B000E1AB3C /* SongInfo.h */ = {isa = PBXFileReference; fileEncoding = 4; lastKnownFileType = sourcecode.c.h; name = SongInfo.h; path = FunVideo_Code/PlayerVIew/Model/SongInfo.h; sourceTree = "<group>"; };
		1046C5831BE0A9BC00E1AB3C /* SongInfo.m */ = {isa = PBXFileReference; fileEncoding = 4; lastKnownFileType = sourcecode.c.objc; name = SongInfo.m; path = FunVideo_Code/PlayerVIew/Model/SongInfo.m; sourceTree = "<group>"; };
		1046C5851BE0A9DA00E1AB3C /* PlayerViewController.h */ = {isa = PBXFileReference; fileEncoding = 4; lastKnownFileType = sourcecode.c.h; name = PlayerViewController.h; path = FunVideo_Code/PlayerVIew/Controller/PlayerViewController.h; sourceTree = "<group>"; };
		1046C5861BE0A9EC00E1AB3C /* PlayerViewController.m */ = {isa = PBXFileReference; fileEncoding = 4; lastKnownFileType = sourcecode.c.objc; name = PlayerViewController.m; path = FunVideo_Code/PlayerVIew/Controller/PlayerViewController.m; sourceTree = "<group>"; };
		1046C58C1BE0AA4D00E1AB3C /* SideBarController.h */ = {isa = PBXFileReference; fileEncoding = 4; lastKnownFileType = sourcecode.c.h; name = SideBarController.h; path = FunVideo_Code/SideBarView/Controller/SideBarController.h; sourceTree = "<group>"; };
		1046C58D1BE0AA5900E1AB3C /* SideBarController.m */ = {isa = PBXFileReference; fileEncoding = 4; lastKnownFileType = sourcecode.c.objc; name = SideBarController.m; path = FunVideo_Code/SideBarView/Controller/SideBarController.m; sourceTree = "<group>"; };
		1046C5911BE0AB4A00E1AB3C /* DoubanServer.h */ = {isa = PBXFileReference; fileEncoding = 4; lastKnownFileType = sourcecode.c.h; name = DoubanServer.h; path = FunVideo_Code/DoubanServer/DoubanServer.h; sourceTree = "<group>"; };
		1046C5921BE0AB5800E1AB3C /* DoubanServer.m */ = {isa = PBXFileReference; fileEncoding = 4; lastKnownFileType = sourcecode.c.objc; name = DoubanServer.m; path = FunVideo_Code/DoubanServer/DoubanServer.m; sourceTree = "<group>"; };
		1046C5991BE0BC1900E1AB3C /* LoginInfo.h */ = {isa = PBXFileReference; fileEncoding = 4; lastKnownFileType = sourcecode.c.h; name = LoginInfo.h; path = FunVideo_Code/LoginView/Model/LoginInfo.h; sourceTree = "<group>"; };
		1046C59A1BE0BC1900E1AB3C /* LoginInfo.m */ = {isa = PBXFileReference; fileEncoding = 4; lastKnownFileType = sourcecode.c.objc; name = LoginInfo.m; path = FunVideo_Code/LoginView/Model/LoginInfo.m; sourceTree = "<group>"; };
		1046C59C1BE0C61B00E1AB3C /* LoginViewController.h */ = {isa = PBXFileReference; fileEncoding = 4; lastKnownFileType = sourcecode.c.h; name = LoginViewController.h; path = FunVideo_Code/LoginView/Controller/LoginViewController.h; sourceTree = "<group>"; };
		1046C59D1BE0C61B00E1AB3C /* LoginViewController.m */ = {isa = PBXFileReference; fileEncoding = 4; lastKnownFileType = sourcecode.c.objc; name = LoginViewController.m; path = FunVideo_Code/LoginView/Controller/LoginViewController.m; sourceTree = "<group>"; };
		1046C5A31BE3043100E1AB3C /* CaptchaImageInfo.h */ = {isa = PBXFileReference; fileEncoding = 4; lastKnownFileType = sourcecode.c.h; name = CaptchaImageInfo.h; path = FunVideo_Code/LoginView/Model/CaptchaImageInfo.h; sourceTree = "<group>"; };
		1046C5A41BE3043100E1AB3C /* CaptchaImageInfo.m */ = {isa = PBXFileReference; fileEncoding = 4; lastKnownFileType = sourcecode.c.objc; name = CaptchaImageInfo.m; path = FunVideo_Code/LoginView/Model/CaptchaImageInfo.m; sourceTree = "<group>"; };
		1046C5AA1BE3578600E1AB3C /* UserInfo.h */ = {isa = PBXFileReference; fileEncoding = 4; lastKnownFileType = sourcecode.c.h; name = UserInfo.h; path = FunVideo_Code/UserView/Model/UserInfo.h; sourceTree = "<group>"; };
		1046C5AB1BE3578600E1AB3C /* UserInfo.m */ = {isa = PBXFileReference; fileEncoding = 4; lastKnownFileType = sourcecode.c.objc; name = UserInfo.m; path = FunVideo_Code/UserView/Model/UserInfo.m; sourceTree = "<group>"; };
		1046C5AD1BE357AC00E1AB3C /* UserViewController.h */ = {isa = PBXFileReference; fileEncoding = 4; lastKnownFileType = sourcecode.c.h; name = UserViewController.h; path = FunVideo_Code/UserView/Controller/UserViewController.h; sourceTree = "<group>"; };
		1046C5AE1BE357AC00E1AB3C /* UserViewController.m */ = {isa = PBXFileReference; fileEncoding = 4; lastKnownFileType = sourcecode.c.objc; name = UserViewController.m; path = FunVideo_Code/UserView/Controller/UserViewController.m; sourceTree = "<group>"; };
		10ED87921BF5B63200F4337F /* noneuser.png */ = {isa = PBXFileReference; lastKnownFileType = image.png; name = noneuser.png; path = Images.xcassets/noneuser.png; sourceTree = "<group>"; };
		4205C882A464B78262698DA0 /* Pods.release.xcconfig */ = {isa = PBXFileReference; includeInIndex = 1; lastKnownFileType = text.xcconfig; name = Pods.release.xcconfig; path = "Pods/Target Support Files/Pods/Pods.release.xcconfig"; sourceTree = "<group>"; };
		AACD72BB6729449486DA6862 /* libPods.a */ = {isa = PBXFileReference; explicitFileType = archive.ar; includeInIndex = 0; path = libPods.a; sourceTree = BUILT_PRODUCTS_DIR; };
		F8F561267CE883589DBA95C8 /* Pods.debug.xcconfig */ = {isa = PBXFileReference; includeInIndex = 1; lastKnownFileType = text.xcconfig; name = Pods.debug.xcconfig; path = "Pods/Target Support Files/Pods/Pods.debug.xcconfig"; sourceTree = "<group>"; };
/* End PBXFileReference section */

/* Begin PBXFrameworksBuildPhase section */
		1046C4E31BE0A30000E1AB3C /* Frameworks */ = {
			isa = PBXFrameworksBuildPhase;
			buildActionMask = 2147483647;
			files = (
				7187FF7CA19DCFC661048A2E /* libPods.a in Frameworks */,
			);
			runOnlyForDeploymentPostprocessing = 0;
		};
		1046C4FF1BE0A30000E1AB3C /* Frameworks */ = {
			isa = PBXFrameworksBuildPhase;
			buildActionMask = 2147483647;
			files = (
			);
			runOnlyForDeploymentPostprocessing = 0;
		};
		1046C50A1BE0A30000E1AB3C /* Frameworks */ = {
			isa = PBXFrameworksBuildPhase;
			buildActionMask = 2147483647;
			files = (
			);
			runOnlyForDeploymentPostprocessing = 0;
		};
/* End PBXFrameworksBuildPhase section */

/* Begin PBXGroup section */
		10228DDE1BE886E600249B4E /* ChannelView */ = {
			isa = PBXGroup;
			children = (
				10228DDF1BE886FC00249B4E /* Model */,
				10228DE01BE8870600249B4E /* Controller */,
				10228DE11BE8871100249B4E /* View */,
			);
			name = ChannelView;
			sourceTree = "<group>";
		};
		10228DDF1BE886FC00249B4E /* Model */ = {
			isa = PBXGroup;
			children = (
				10228DE21BE8889400249B4E /* ChannelInfo.h */,
				10228DE31BE8889400249B4E /* ChannelInfo.m */,
				10228DEB1BE9EE9100249B4E /* ChannelGroup.h */,
				10228DEC1BE9EE9100249B4E /* ChannelGroup.m */,
			);
			name = Model;
			sourceTree = "<group>";
		};
		10228DE01BE8870600249B4E /* Controller */ = {
			isa = PBXGroup;
			children = (
				10228DE91BE8892E00249B4E /* ChannelTableViewController.m */,
				10228DE81BE8892E00249B4E /* ChannelTableViewController.h */,
			);
			name = Controller;
			sourceTree = "<group>";
		};
		10228DE11BE8871100249B4E /* View */ = {
			isa = PBXGroup;
			children = (
			);
			name = View;
			sourceTree = "<group>";
		};
		1046C4DD1BE0A30000E1AB3C = {
			isa = PBXGroup;
			children = (
				1046C4E81BE0A30000E1AB3C /* FunVideo */,
				1046C5051BE0A30000E1AB3C /* FunVideoTests */,
				1046C5101BE0A30000E1AB3C /* FunVideoUITests */,
				1046C4E71BE0A30000E1AB3C /* Products */,
				98CADFA79E9F410CFEC962A4 /* Pods */,
				5789AD9F67895903CC21BC8B /* Frameworks */,
			);
			sourceTree = "<group>";
		};
		1046C4E71BE0A30000E1AB3C /* Products */ = {
			isa = PBXGroup;
			children = (
				1046C4E61BE0A30000E1AB3C /* FunVideo.app */,
				1046C5021BE0A30000E1AB3C /* FunVideoTests.xctest */,
				1046C50D1BE0A30000E1AB3C /* FunVideoUITests.xctest */,
			);
			name = Products;
			sourceTree = "<group>";
		};
		1046C4E81BE0A30000E1AB3C /* FunVideo */ = {
			isa = PBXGroup;
			children = (
				1046C51F1BE0A70800E1AB3C /* APP */,
				1046C58F1BE0AA9800E1AB3C /* DoubanServer */,
				1046C5881BE0AA1000E1AB3C /* SideBarView */,
				1046C57B1BE0A8E000E1AB3C /* PlayerView */,
				1046C5941BE0BB3C00E1AB3C /* LoginView */,
				1046C5A61BE356BF00E1AB3C /* UserView */,
				10228DDE1BE886E600249B4E /* ChannelView */,
				1046C4E91BE0A30000E1AB3C /* Supporting Files */,
			);
			path = FunVideo;
			sourceTree = "<group>";
		};
		1046C4E91BE0A30000E1AB3C /* Supporting Files */ = {
			isa = PBXGroup;
			children = (
				1046C5221BE0A77300E1AB3C /* Image */,
				1046C4F81BE0A30000E1AB3C /* Assets.xcassets */,
				1046C4FD1BE0A30000E1AB3C /* Info.plist */,
				1046C4F51BE0A30000E1AB3C /* FunVideo.xcdatamodeld */,
			);
			name = "Supporting Files";
			sourceTree = "<group>";
		};
		1046C5051BE0A30000E1AB3C /* FunVideoTests */ = {
			isa = PBXGroup;
			children = (
				1046C5061BE0A30000E1AB3C /* FunVideoTests.m */,
				1046C5081BE0A30000E1AB3C /* Info.plist */,
			);
			path = FunVideoTests;
			sourceTree = "<group>";
		};
		1046C5101BE0A30000E1AB3C /* FunVideoUITests */ = {
			isa = PBXGroup;
			children = (
				1046C5111BE0A30000E1AB3C /* FunVideoUITests.m */,
				1046C5131BE0A30000E1AB3C /* Info.plist */,
			);
			path = FunVideoUITests;
			sourceTree = "<group>";
		};
		1046C51F1BE0A70800E1AB3C /* APP */ = {
			isa = PBXGroup;
			children = (
				1046C5781BE0A89E00E1AB3C /* Commons.h */,
				1046C5791BE0A8CB00E1AB3C /* main.m */,
				1046C5751BE0A88A00E1AB3C /* AppDelegate.h */,
				1046C5761BE0A89300E1AB3C /* AppDelegate.m */,
				1046C4F21BE0A30000E1AB3C /* Main.storyboard */,
				1046C4FA1BE0A30000E1AB3C /* LaunchScreen.storyboard */,
			);
			name = APP;
			sourceTree = "<group>";
		};
		1046C5221BE0A77300E1AB3C /* Image */ = {
			isa = PBXGroup;
			children = (
				10ED87921BF5B63200F4337F /* noneuser.png */,
				10218ED71BF48DBC00E1A839 /* defaultcell.png */,
				1046C5531BE0A7BE00E1AB3C /* player */,
				1046C54E1BE0A7B500E1AB3C /* login.imageset */,
				1046C5341BE0A7AC00E1AB3C /* bar */,
				1046C52D1BE0A79E00E1AB3C /* AppIcon.appiconset */,
				1046C5281BE0A79400E1AB3C /* albumBlock2.imageset */,
				1046C5231BE0A78700E1AB3C /* albumBlock.imageset */,
			);
			name = Image;
			sourceTree = "<group>";
		};
		1046C5231BE0A78700E1AB3C /* albumBlock.imageset */ = {
			isa = PBXGroup;
			children = (
				1046C5241BE0A78700E1AB3C /* albumBlock.png */,
				1046C5251BE0A78700E1AB3C /* Contents.json */,
			);
			name = albumBlock.imageset;
			path = Images.xcassets/albumBlock.imageset;
			sourceTree = "<group>";
		};
		1046C5281BE0A79400E1AB3C /* albumBlock2.imageset */ = {
			isa = PBXGroup;
			children = (
				1046C5291BE0A79400E1AB3C /* albumBlock2.png */,
				1046C52A1BE0A79400E1AB3C /* Contents.json */,
			);
			name = albumBlock2.imageset;
			path = Images.xcassets/albumBlock2.imageset;
			sourceTree = "<group>";
		};
		1046C52D1BE0A79E00E1AB3C /* AppIcon.appiconset */ = {
			isa = PBXGroup;
			children = (
				1046C52E1BE0A79E00E1AB3C /* Contents.json */,
				1046C52F1BE0A79E00E1AB3C /* icon@2x.png */,
				1046C5301BE0A79E00E1AB3C /* icon@3x.png */,
			);
			name = AppIcon.appiconset;
			path = Images.xcassets/AppIcon.appiconset;
			sourceTree = "<group>";
		};
		1046C5341BE0A7AC00E1AB3C /* bar */ = {
			isa = PBXGroup;
			children = (
				1046C5351BE0A7AC00E1AB3C /* menuChannel.imageset */,
				1046C5381BE0A7AC00E1AB3C /* menuClose.imageset */,
				1046C53B1BE0A7AC00E1AB3C /* menuIcon.imageset */,
				1046C53E1BE0A7AC00E1AB3C /* menuLogin.imageset */,
				1046C5411BE0A7AC00E1AB3C /* menuPlayer.imageset */,
			);
			name = bar;
			path = Images.xcassets/bar;
			sourceTree = "<group>";
		};
		1046C5351BE0A7AC00E1AB3C /* menuChannel.imageset */ = {
			isa = PBXGroup;
			children = (
				1046C5361BE0A7AC00E1AB3C /* Contents.json */,
				1046C5371BE0A7AC00E1AB3C /* menuChannel.png */,
			);
			path = menuChannel.imageset;
			sourceTree = "<group>";
		};
		1046C5381BE0A7AC00E1AB3C /* menuClose.imageset */ = {
			isa = PBXGroup;
			children = (
				1046C5391BE0A7AC00E1AB3C /* Contents.json */,
				1046C53A1BE0A7AC00E1AB3C /* menuClose.png */,
			);
			path = menuClose.imageset;
			sourceTree = "<group>";
		};
		1046C53B1BE0A7AC00E1AB3C /* menuIcon.imageset */ = {
			isa = PBXGroup;
			children = (
				1046C53C1BE0A7AC00E1AB3C /* Contents.json */,
				1046C53D1BE0A7AC00E1AB3C /* menuIcon.png */,
			);
			path = menuIcon.imageset;
			sourceTree = "<group>";
		};
		1046C53E1BE0A7AC00E1AB3C /* menuLogin.imageset */ = {
			isa = PBXGroup;
			children = (
				1046C53F1BE0A7AC00E1AB3C /* Contents.json */,
				1046C5401BE0A7AC00E1AB3C /* menuLogin.png */,
			);
			path = menuLogin.imageset;
			sourceTree = "<group>";
		};
		1046C5411BE0A7AC00E1AB3C /* menuPlayer.imageset */ = {
			isa = PBXGroup;
			children = (
				1046C5421BE0A7AC00E1AB3C /* Contents.json */,
				1046C5431BE0A7AC00E1AB3C /* menuPlayer.png */,
			);
			path = menuPlayer.imageset;
			sourceTree = "<group>";
		};
		1046C54E1BE0A7B500E1AB3C /* login.imageset */ = {
			isa = PBXGroup;
			children = (
				1046C54F1BE0A7B500E1AB3C /* Contents.json */,
				1046C5501BE0A7B500E1AB3C /* login.png */,
			);
			name = login.imageset;
			path = Images.xcassets/login.imageset;
			sourceTree = "<group>";
		};
		1046C5531BE0A7BE00E1AB3C /* player */ = {
			isa = PBXGroup;
			children = (
				1046C5541BE0A7BE00E1AB3C /* delete.imageset */,
				1046C5571BE0A7BE00E1AB3C /* heart1.imageset */,
				1046C55A1BE0A7BE00E1AB3C /* heart2.imageset */,
				1046C55D1BE0A7BE00E1AB3C /* next.imageset */,
				1046C5601BE0A7BE00E1AB3C /* pause.imageset */,
				1046C5631BE0A7BE00E1AB3C /* play.imageset */,
			);
			name = player;
			path = Images.xcassets/player;
			sourceTree = "<group>";
		};
		1046C5541BE0A7BE00E1AB3C /* delete.imageset */ = {
			isa = PBXGroup;
			children = (
				1046C5551BE0A7BE00E1AB3C /* Contents.json */,
				1046C5561BE0A7BE00E1AB3C /* delete.png */,
			);
			path = delete.imageset;
			sourceTree = "<group>";
		};
		1046C5571BE0A7BE00E1AB3C /* heart1.imageset */ = {
			isa = PBXGroup;
			children = (
				1046C5581BE0A7BE00E1AB3C /* Contents.json */,
				1046C5591BE0A7BE00E1AB3C /* heart1.png */,
			);
			path = heart1.imageset;
			sourceTree = "<group>";
		};
		1046C55A1BE0A7BE00E1AB3C /* heart2.imageset */ = {
			isa = PBXGroup;
			children = (
				1046C55B1BE0A7BE00E1AB3C /* Contents.json */,
				1046C55C1BE0A7BE00E1AB3C /* heart2.png */,
			);
			path = heart2.imageset;
			sourceTree = "<group>";
		};
		1046C55D1BE0A7BE00E1AB3C /* next.imageset */ = {
			isa = PBXGroup;
			children = (
				1046C55E1BE0A7BE00E1AB3C /* Contents.json */,
				1046C55F1BE0A7BE00E1AB3C /* next.png */,
			);
			path = next.imageset;
			sourceTree = "<group>";
		};
		1046C5601BE0A7BE00E1AB3C /* pause.imageset */ = {
			isa = PBXGroup;
			children = (
				1046C5611BE0A7BE00E1AB3C /* Contents.json */,
				1046C5621BE0A7BE00E1AB3C /* stop.png */,
			);
			path = pause.imageset;
			sourceTree = "<group>";
		};
		1046C5631BE0A7BE00E1AB3C /* play.imageset */ = {
			isa = PBXGroup;
			children = (
				1046C5641BE0A7BE00E1AB3C /* Contents.json */,
				1046C5651BE0A7BE00E1AB3C /* play.png */,
			);
			path = play.imageset;
			sourceTree = "<group>";
		};
		1046C57B1BE0A8E000E1AB3C /* PlayerView */ = {
			isa = PBXGroup;
			children = (
				1046C57D1BE0A8F900E1AB3C /* Model */,
				1046C57C1BE0A8EC00E1AB3C /* Controller */,
				1046C57E1BE0A90600E1AB3C /* VIew */,
			);
			name = PlayerView;
			sourceTree = "<group>";
		};
		1046C57C1BE0A8EC00E1AB3C /* Controller */ = {
			isa = PBXGroup;
			children = (
				1046C5851BE0A9DA00E1AB3C /* PlayerViewController.h */,
				1046C5861BE0A9EC00E1AB3C /* PlayerViewController.m */,
			);
			name = Controller;
			sourceTree = "<group>";
		};
		1046C57D1BE0A8F900E1AB3C /* Model */ = {
			isa = PBXGroup;
			children = (
				1046C5821BE0A9B000E1AB3C /* SongInfo.h */,
				1046C5831BE0A9BC00E1AB3C /* SongInfo.m */,
				1046C57F1BE0A97900E1AB3C /* PlayerInfo.h */,
				1046C5801BE0A99800E1AB3C /* PlayerInfo.m */,
			);
			name = Model;
			sourceTree = "<group>";
		};
		1046C57E1BE0A90600E1AB3C /* VIew */ = {
			isa = PBXGroup;
			children = (
			);
			name = VIew;
			sourceTree = "<group>";
		};
		1046C5881BE0AA1000E1AB3C /* SideBarView */ = {
			isa = PBXGroup;
			children = (
				1046C58A1BE0AA2400E1AB3C /* Controller */,
				1046C5891BE0AA1E00E1AB3C /* Model */,
				1046C58B1BE0AA2D00E1AB3C /* View */,
			);
			name = SideBarView;
			sourceTree = "<group>";
		};
		1046C5891BE0AA1E00E1AB3C /* Model */ = {
			isa = PBXGroup;
			children = (
			);
			name = Model;
			sourceTree = "<group>";
		};
		1046C58A1BE0AA2400E1AB3C /* Controller */ = {
			isa = PBXGroup;
			children = (
				1046C58C1BE0AA4D00E1AB3C /* SideBarController.h */,
				1046C58D1BE0AA5900E1AB3C /* SideBarController.m */,
			);
			name = Controller;
			sourceTree = "<group>";
		};
		1046C58B1BE0AA2D00E1AB3C /* View */ = {
			isa = PBXGroup;
			children = (
			);
			name = View;
			sourceTree = "<group>";
		};
		1046C58F1BE0AA9800E1AB3C /* DoubanServer */ = {
			isa = PBXGroup;
			children = (
				1046C5911BE0AB4A00E1AB3C /* DoubanServer.h */,
				1046C5921BE0AB5800E1AB3C /* DoubanServer.m */,
			);
			name = DoubanServer;
			sourceTree = "<group>";
		};
		1046C5941BE0BB3C00E1AB3C /* LoginView */ = {
			isa = PBXGroup;
			children = (
				1046C5951BE0BB5500E1AB3C /* Model */,
				1046C5971BE0BB6E00E1AB3C /* Controller */,
				1046C5961BE0BB5D00E1AB3C /* View */,
			);
			name = LoginView;
			sourceTree = "<group>";
		};
		1046C5951BE0BB5500E1AB3C /* Model */ = {
			isa = PBXGroup;
			children = (
				1046C5991BE0BC1900E1AB3C /* LoginInfo.h */,
				1046C59A1BE0BC1900E1AB3C /* LoginInfo.m */,
				1046C5A31BE3043100E1AB3C /* CaptchaImageInfo.h */,
				1046C5A41BE3043100E1AB3C /* CaptchaImageInfo.m */,
			);
			name = Model;
			sourceTree = "<group>";
		};
		1046C5961BE0BB5D00E1AB3C /* View */ = {
			isa = PBXGroup;
			children = (
			);
			name = View;
			sourceTree = "<group>";
		};
		1046C5971BE0BB6E00E1AB3C /* Controller */ = {
			isa = PBXGroup;
			children = (
				1046C59C1BE0C61B00E1AB3C /* LoginViewController.h */,
				1046C59D1BE0C61B00E1AB3C /* LoginViewController.m */,
			);
			name = Controller;
			sourceTree = "<group>";
		};
		1046C5A61BE356BF00E1AB3C /* UserView */ = {
			isa = PBXGroup;
			children = (
				1046C5A71BE356E600E1AB3C /* Model */,
				1046C5A91BE356FD00E1AB3C /* Controller */,
				1046C5A81BE356F500E1AB3C /* View */,
			);
			name = UserView;
			sourceTree = "<group>";
		};
		1046C5A71BE356E600E1AB3C /* Model */ = {
			isa = PBXGroup;
			children = (
				1046C5AA1BE3578600E1AB3C /* UserInfo.h */,
				1046C5AB1BE3578600E1AB3C /* UserInfo.m */,
			);
			name = Model;
			sourceTree = "<group>";
		};
		1046C5A81BE356F500E1AB3C /* View */ = {
			isa = PBXGroup;
			children = (
			);
			name = View;
			sourceTree = "<group>";
		};
		1046C5A91BE356FD00E1AB3C /* Controller */ = {
			isa = PBXGroup;
			children = (
				1046C5AD1BE357AC00E1AB3C /* UserViewController.h */,
				1046C5AE1BE357AC00E1AB3C /* UserViewController.m */,
			);
			name = Controller;
			sourceTree = "<group>";
		};
		5789AD9F67895903CC21BC8B /* Frameworks */ = {
			isa = PBXGroup;
			children = (
				AACD72BB6729449486DA6862 /* libPods.a */,
			);
			name = Frameworks;
			sourceTree = "<group>";
		};
		98CADFA79E9F410CFEC962A4 /* Pods */ = {
			isa = PBXGroup;
			children = (
				F8F561267CE883589DBA95C8 /* Pods.debug.xcconfig */,
				4205C882A464B78262698DA0 /* Pods.release.xcconfig */,
			);
			name = Pods;
			sourceTree = "<group>";
		};
/* End PBXGroup section */

/* Begin PBXNativeTarget section */
		1046C4E51BE0A30000E1AB3C /* FunVideo */ = {
			isa = PBXNativeTarget;
			buildConfigurationList = 1046C5161BE0A30000E1AB3C /* Build configuration list for PBXNativeTarget "FunVideo" */;
			buildPhases = (
				70BC5F2A4C688A38FE8927D6 /* Check Pods Manifest.lock */,
				1046C4E21BE0A30000E1AB3C /* Sources */,
				1046C4E31BE0A30000E1AB3C /* Frameworks */,
				1046C4E41BE0A30000E1AB3C /* Resources */,
				139EB4A1C59238AD6C83645D /* Embed Pods Frameworks */,
				8BA4BB77C5888A9C9D7A8243 /* Copy Pods Resources */,
			);
			buildRules = (
			);
			dependencies = (
			);
			name = FunVideo;
			productName = FunVideo;
			productReference = 1046C4E61BE0A30000E1AB3C /* FunVideo.app */;
			productType = "com.apple.product-type.application";
		};
		1046C5011BE0A30000E1AB3C /* FunVideoTests */ = {
			isa = PBXNativeTarget;
			buildConfigurationList = 1046C5191BE0A30000E1AB3C /* Build configuration list for PBXNativeTarget "FunVideoTests" */;
			buildPhases = (
				1046C4FE1BE0A30000E1AB3C /* Sources */,
				1046C4FF1BE0A30000E1AB3C /* Frameworks */,
				1046C5001BE0A30000E1AB3C /* Resources */,
			);
			buildRules = (
			);
			dependencies = (
				1046C5041BE0A30000E1AB3C /* PBXTargetDependency */,
			);
			name = FunVideoTests;
			productName = FunVideoTests;
			productReference = 1046C5021BE0A30000E1AB3C /* FunVideoTests.xctest */;
			productType = "com.apple.product-type.bundle.unit-test";
		};
		1046C50C1BE0A30000E1AB3C /* FunVideoUITests */ = {
			isa = PBXNativeTarget;
			buildConfigurationList = 1046C51C1BE0A30000E1AB3C /* Build configuration list for PBXNativeTarget "FunVideoUITests" */;
			buildPhases = (
				1046C5091BE0A30000E1AB3C /* Sources */,
				1046C50A1BE0A30000E1AB3C /* Frameworks */,
				1046C50B1BE0A30000E1AB3C /* Resources */,
			);
			buildRules = (
			);
			dependencies = (
				1046C50F1BE0A30000E1AB3C /* PBXTargetDependency */,
			);
			name = FunVideoUITests;
			productName = FunVideoUITests;
			productReference = 1046C50D1BE0A30000E1AB3C /* FunVideoUITests.xctest */;
			productType = "com.apple.product-type.bundle.ui-testing";
		};
/* End PBXNativeTarget section */

/* Begin PBXProject section */
		1046C4DE1BE0A30000E1AB3C /* Project object */ = {
			isa = PBXProject;
			attributes = {
				LastUpgradeCheck = 0710;
				ORGANIZATIONNAME = FrankieCompany;
				TargetAttributes = {
					1046C4E51BE0A30000E1AB3C = {
						CreatedOnToolsVersion = 7.1;
					};
					1046C5011BE0A30000E1AB3C = {
						CreatedOnToolsVersion = 7.1;
						TestTargetID = 1046C4E51BE0A30000E1AB3C;
					};
					1046C50C1BE0A30000E1AB3C = {
						CreatedOnToolsVersion = 7.1;
						TestTargetID = 1046C4E51BE0A30000E1AB3C;
					};
				};
			};
			buildConfigurationList = 1046C4E11BE0A30000E1AB3C /* Build configuration list for PBXProject "FunVideo" */;
			compatibilityVersion = "Xcode 3.2";
			developmentRegion = English;
			hasScannedForEncodings = 0;
			knownRegions = (
				en,
				Base,
			);
			mainGroup = 1046C4DD1BE0A30000E1AB3C;
			productRefGroup = 1046C4E71BE0A30000E1AB3C /* Products */;
			projectDirPath = "";
			projectRoot = "";
			targets = (
				1046C4E51BE0A30000E1AB3C /* FunVideo */,
				1046C5011BE0A30000E1AB3C /* FunVideoTests */,
				1046C50C1BE0A30000E1AB3C /* FunVideoUITests */,
			);
		};
/* End PBXProject section */

/* Begin PBXResourcesBuildPhase section */
		1046C4E41BE0A30000E1AB3C /* Resources */ = {
			isa = PBXResourcesBuildPhase;
			buildActionMask = 2147483647;
			files = (
				1046C5671BE0A7BE00E1AB3C /* delete.png in Resources */,
				1046C5711BE0A7BE00E1AB3C /* play.png in Resources */,
				1046C56F1BE0A7BE00E1AB3C /* stop.png in Resources */,
				1046C54B1BE0A7AC00E1AB3C /* menuLogin.png in Resources */,
				1046C5271BE0A78700E1AB3C /* Contents.json in Resources */,
				1046C56E1BE0A7BE00E1AB3C /* Contents.json in Resources */,
				1046C4FC1BE0A30000E1AB3C /* LaunchScreen.storyboard in Resources */,
				1046C54A1BE0A7AC00E1AB3C /* Contents.json in Resources */,
				1046C5681BE0A7BE00E1AB3C /* Contents.json in Resources */,
				1046C5331BE0A79E00E1AB3C /* icon@3x.png in Resources */,
				1046C5261BE0A78700E1AB3C /* albumBlock.png in Resources */,
				10218ED81BF48DBC00E1A839 /* defaultcell.png in Resources */,
				1046C5451BE0A7AC00E1AB3C /* menuChannel.png in Resources */,
				1046C5481BE0A7AC00E1AB3C /* Contents.json in Resources */,
				1046C5311BE0A79E00E1AB3C /* Contents.json in Resources */,
				1046C56C1BE0A7BE00E1AB3C /* Contents.json in Resources */,
				1046C4F91BE0A30000E1AB3C /* Assets.xcassets in Resources */,
				1046C5461BE0A7AC00E1AB3C /* Contents.json in Resources */,
				1046C54D1BE0A7AC00E1AB3C /* menuPlayer.png in Resources */,
				1046C52B1BE0A79400E1AB3C /* albumBlock2.png in Resources */,
				1046C4F41BE0A30000E1AB3C /* Main.storyboard in Resources */,
				1046C52C1BE0A79400E1AB3C /* Contents.json in Resources */,
				10ED87931BF5B63200F4337F /* noneuser.png in Resources */,
				1046C5701BE0A7BE00E1AB3C /* Contents.json in Resources */,
				1046C5441BE0A7AC00E1AB3C /* Contents.json in Resources */,
				1046C5491BE0A7AC00E1AB3C /* menuIcon.png in Resources */,
				1046C5661BE0A7BE00E1AB3C /* Contents.json in Resources */,
				1046C56A1BE0A7BE00E1AB3C /* Contents.json in Resources */,
				1046C5521BE0A7B500E1AB3C /* login.png in Resources */,
				1046C5321BE0A79E00E1AB3C /* icon@2x.png in Resources */,
				1046C5471BE0A7AC00E1AB3C /* menuClose.png in Resources */,
				1046C54C1BE0A7AC00E1AB3C /* Contents.json in Resources */,
				1046C56D1BE0A7BE00E1AB3C /* next.png in Resources */,
				1046C5691BE0A7BE00E1AB3C /* heart1.png in Resources */,
				1046C5511BE0A7B500E1AB3C /* Contents.json in Resources */,
				1046C56B1BE0A7BE00E1AB3C /* heart2.png in Resources */,
			);
			runOnlyForDeploymentPostprocessing = 0;
		};
		1046C5001BE0A30000E1AB3C /* Resources */ = {
			isa = PBXResourcesBuildPhase;
			buildActionMask = 2147483647;
			files = (
			);
			runOnlyForDeploymentPostprocessing = 0;
		};
		1046C50B1BE0A30000E1AB3C /* Resources */ = {
			isa = PBXResourcesBuildPhase;
			buildActionMask = 2147483647;
			files = (
			);
			runOnlyForDeploymentPostprocessing = 0;
		};
/* End PBXResourcesBuildPhase section */

/* Begin PBXShellScriptBuildPhase section */
		139EB4A1C59238AD6C83645D /* Embed Pods Frameworks */ = {
			isa = PBXShellScriptBuildPhase;
			buildActionMask = 2147483647;
			files = (
			);
			inputPaths = (
			);
			name = "Embed Pods Frameworks";
			outputPaths = (
			);
			runOnlyForDeploymentPostprocessing = 0;
			shellPath = /bin/sh;
			shellScript = "\"${SRCROOT}/Pods/Target Support Files/Pods/Pods-frameworks.sh\"\n";
			showEnvVarsInLog = 0;
		};
		70BC5F2A4C688A38FE8927D6 /* Check Pods Manifest.lock */ = {
			isa = PBXShellScriptBuildPhase;
			buildActionMask = 2147483647;
			files = (
			);
			inputPaths = (
			);
			name = "Check Pods Manifest.lock";
			outputPaths = (
			);
			runOnlyForDeploymentPostprocessing = 0;
			shellPath = /bin/sh;
			shellScript = "diff \"${PODS_ROOT}/../Podfile.lock\" \"${PODS_ROOT}/Manifest.lock\" > /dev/null\nif [[ $? != 0 ]] ; then\n    cat << EOM\nerror: The sandbox is not in sync with the Podfile.lock. Run 'pod install' or update your CocoaPods installation.\nEOM\n    exit 1\nfi\n";
			showEnvVarsInLog = 0;
		};
		8BA4BB77C5888A9C9D7A8243 /* Copy Pods Resources */ = {
			isa = PBXShellScriptBuildPhase;
			buildActionMask = 2147483647;
			files = (
			);
			inputPaths = (
			);
			name = "Copy Pods Resources";
			outputPaths = (
			);
			runOnlyForDeploymentPostprocessing = 0;
			shellPath = /bin/sh;
			shellScript = "\"${SRCROOT}/Pods/Target Support Files/Pods/Pods-resources.sh\"\n";
			showEnvVarsInLog = 0;
		};
/* End PBXShellScriptBuildPhase section */

/* Begin PBXSourcesBuildPhase section */
		1046C4E21BE0A30000E1AB3C /* Sources */ = {
			isa = PBXSourcesBuildPhase;
			buildActionMask = 2147483647;
			files = (
				1046C5811BE0A99800E1AB3C /* PlayerInfo.m in Sources */,
				1046C5931BE0AB5800E1AB3C /* DoubanServer.m in Sources */,
				1046C5771BE0A89300E1AB3C /* AppDelegate.m in Sources */,
				1046C59B1BE0BC1900E1AB3C /* LoginInfo.m in Sources */,
				1046C5AC1BE3578600E1AB3C /* UserInfo.m in Sources */,
				1046C59E1BE0C61B00E1AB3C /* LoginViewController.m in Sources */,
				10228DEA1BE8892E00249B4E /* ChannelTableViewController.m in Sources */,
				1046C58E1BE0AA5900E1AB3C /* SideBarController.m in Sources */,
				1046C57A1BE0A8CB00E1AB3C /* main.m in Sources */,
				1046C4F71BE0A30000E1AB3C /* FunVideo.xcdatamodeld in Sources */,
				1046C5841BE0A9BC00E1AB3C /* SongInfo.m in Sources */,
				1046C5871BE0A9EC00E1AB3C /* PlayerViewController.m in Sources */,
				10228DE41BE8889400249B4E /* ChannelInfo.m in Sources */,
				1046C5AF1BE357AC00E1AB3C /* UserViewController.m in Sources */,
				1046C5A51BE3043100E1AB3C /* CaptchaImageInfo.m in Sources */,
				10228DED1BE9EE9100249B4E /* ChannelGroup.m in Sources */,
			);
			runOnlyForDeploymentPostprocessing = 0;
		};
		1046C4FE1BE0A30000E1AB3C /* Sources */ = {
			isa = PBXSourcesBuildPhase;
			buildActionMask = 2147483647;
			files = (
				1046C5071BE0A30000E1AB3C /* FunVideoTests.m in Sources */,
			);
			runOnlyForDeploymentPostprocessing = 0;
		};
		1046C5091BE0A30000E1AB3C /* Sources */ = {
			isa = PBXSourcesBuildPhase;
			buildActionMask = 2147483647;
			files = (
				1046C5121BE0A30000E1AB3C /* FunVideoUITests.m in Sources */,
			);
			runOnlyForDeploymentPostprocessing = 0;
		};
/* End PBXSourcesBuildPhase section */

/* Begin PBXTargetDependency section */
		1046C5041BE0A30000E1AB3C /* PBXTargetDependency */ = {
			isa = PBXTargetDependency;
			target = 1046C4E51BE0A30000E1AB3C /* FunVideo */;
			targetProxy = 1046C5031BE0A30000E1AB3C /* PBXContainerItemProxy */;
		};
		1046C50F1BE0A30000E1AB3C /* PBXTargetDependency */ = {
			isa = PBXTargetDependency;
			target = 1046C4E51BE0A30000E1AB3C /* FunVideo */;
			targetProxy = 1046C50E1BE0A30000E1AB3C /* PBXContainerItemProxy */;
		};
/* End PBXTargetDependency section */

/* Begin PBXVariantGroup section */
		1046C4F21BE0A30000E1AB3C /* Main.storyboard */ = {
			isa = PBXVariantGroup;
			children = (
				1046C4F31BE0A30000E1AB3C /* Base */,
			);
			name = Main.storyboard;
			sourceTree = "<group>";
		};
		1046C4FA1BE0A30000E1AB3C /* LaunchScreen.storyboard */ = {
			isa = PBXVariantGroup;
			children = (
				1046C4FB1BE0A30000E1AB3C /* Base */,
			);
			name = LaunchScreen.storyboard;
			sourceTree = "<group>";
		};
/* End PBXVariantGroup section */

/* Begin XCBuildConfiguration section */
		1046C5141BE0A30000E1AB3C /* Debug */ = {
			isa = XCBuildConfiguration;
			buildSettings = {
				ALWAYS_SEARCH_USER_PATHS = NO;
				CLANG_CXX_LANGUAGE_STANDARD = "gnu++0x";
				CLANG_CXX_LIBRARY = "libc++";
				CLANG_ENABLE_MODULES = YES;
				CLANG_ENABLE_OBJC_ARC = YES;
				CLANG_WARN_BOOL_CONVERSION = YES;
				CLANG_WARN_CONSTANT_CONVERSION = YES;
				CLANG_WARN_DIRECT_OBJC_ISA_USAGE = YES_ERROR;
				CLANG_WARN_EMPTY_BODY = YES;
				CLANG_WARN_ENUM_CONVERSION = YES;
				CLANG_WARN_INT_CONVERSION = YES;
				CLANG_WARN_OBJC_ROOT_CLASS = YES_ERROR;
				CLANG_WARN_UNREACHABLE_CODE = YES;
				CLANG_WARN__DUPLICATE_METHOD_MATCH = YES;
				"CODE_SIGN_IDENTITY[sdk=iphoneos*]" = "iPhone Developer";
				COPY_PHASE_STRIP = NO;
				DEBUG_INFORMATION_FORMAT = dwarf;
				ENABLE_STRICT_OBJC_MSGSEND = YES;
				ENABLE_TESTABILITY = YES;
				GCC_C_LANGUAGE_STANDARD = gnu99;
				GCC_DYNAMIC_NO_PIC = NO;
				GCC_NO_COMMON_BLOCKS = YES;
				GCC_OPTIMIZATION_LEVEL = 0;
				GCC_PREPROCESSOR_DEFINITIONS = (
					"DEBUG=1",
					"$(inherited)",
				);
				GCC_WARN_64_TO_32_BIT_CONVERSION = YES;
				GCC_WARN_ABOUT_RETURN_TYPE = YES_ERROR;
				GCC_WARN_UNDECLARED_SELECTOR = YES;
				GCC_WARN_UNINITIALIZED_AUTOS = YES_AGGRESSIVE;
				GCC_WARN_UNUSED_FUNCTION = YES;
				GCC_WARN_UNUSED_VARIABLE = YES;
				IPHONEOS_DEPLOYMENT_TARGET = 9.1;
				MTL_ENABLE_DEBUG_INFO = YES;
				ONLY_ACTIVE_ARCH = YES;
				SDKROOT = iphoneos;
			};
			name = Debug;
		};
		1046C5151BE0A30000E1AB3C /* Release */ = {
			isa = XCBuildConfiguration;
			buildSettings = {
				ALWAYS_SEARCH_USER_PATHS = NO;
				CLANG_CXX_LANGUAGE_STANDARD = "gnu++0x";
				CLANG_CXX_LIBRARY = "libc++";
				CLANG_ENABLE_MODULES = YES;
				CLANG_ENABLE_OBJC_ARC = YES;
				CLANG_WARN_BOOL_CONVERSION = YES;
				CLANG_WARN_CONSTANT_CONVERSION = YES;
				CLANG_WARN_DIRECT_OBJC_ISA_USAGE = YES_ERROR;
				CLANG_WARN_EMPTY_BODY = YES;
				CLANG_WARN_ENUM_CONVERSION = YES;
				CLANG_WARN_INT_CONVERSION = YES;
				CLANG_WARN_OBJC_ROOT_CLASS = YES_ERROR;
				CLANG_WARN_UNREACHABLE_CODE = YES;
				CLANG_WARN__DUPLICATE_METHOD_MATCH = YES;
				"CODE_SIGN_IDENTITY[sdk=iphoneos*]" = "iPhone Developer";
				COPY_PHASE_STRIP = NO;
				DEBUG_INFORMATION_FORMAT = "dwarf-with-dsym";
				ENABLE_NS_ASSERTIONS = NO;
				ENABLE_STRICT_OBJC_MSGSEND = YES;
				GCC_C_LANGUAGE_STANDARD = gnu99;
				GCC_NO_COMMON_BLOCKS = YES;
				GCC_WARN_64_TO_32_BIT_CONVERSION = YES;
				GCC_WARN_ABOUT_RETURN_TYPE = YES_ERROR;
				GCC_WARN_UNDECLARED_SELECTOR = YES;
				GCC_WARN_UNINITIALIZED_AUTOS = YES_AGGRESSIVE;
				GCC_WARN_UNUSED_FUNCTION = YES;
				GCC_WARN_UNUSED_VARIABLE = YES;
				IPHONEOS_DEPLOYMENT_TARGET = 9.1;
				MTL_ENABLE_DEBUG_INFO = NO;
				SDKROOT = iphoneos;
				VALIDATE_PRODUCT = YES;
			};
			name = Release;
		};
		1046C5171BE0A30000E1AB3C /* Debug */ = {
			isa = XCBuildConfiguration;
			baseConfigurationReference = F8F561267CE883589DBA95C8 /* Pods.debug.xcconfig */;
			buildSettings = {
				ASSETCATALOG_COMPILER_APPICON_NAME = AppIcon;
				INFOPLIST_FILE = FunVideo/Info.plist;
				LD_RUNPATH_SEARCH_PATHS = "$(inherited) @executable_path/Frameworks";
				PRODUCT_BUNDLE_IDENTIFIER = FrankieWB.FunVideo;
				PRODUCT_NAME = "$(TARGET_NAME)";
			};
			name = Debug;
		};
		1046C5181BE0A30000E1AB3C /* Release */ = {
			isa = XCBuildConfiguration;
			baseConfigurationReference = 4205C882A464B78262698DA0 /* Pods.release.xcconfig */;
			buildSettings = {
				ASSETCATALOG_COMPILER_APPICON_NAME = AppIcon;
				INFOPLIST_FILE = FunVideo/Info.plist;
				LD_RUNPATH_SEARCH_PATHS = "$(inherited) @executable_path/Frameworks";
				PRODUCT_BUNDLE_IDENTIFIER = FrankieWB.FunVideo;
				PRODUCT_NAME = "$(TARGET_NAME)";
			};
			name = Release;
		};
		1046C51A1BE0A30000E1AB3C /* Debug */ = {
			isa = XCBuildConfiguration;
			buildSettings = {
				BUNDLE_LOADER = "$(TEST_HOST)";
				INFOPLIST_FILE = FunVideoTests/Info.plist;
				LD_RUNPATH_SEARCH_PATHS = "$(inherited) @executable_path/Frameworks @loader_path/Frameworks";
				PRODUCT_BUNDLE_IDENTIFIER = FrankieWB.FunVideoTests;
				PRODUCT_NAME = "$(TARGET_NAME)";
				TEST_HOST = "$(BUILT_PRODUCTS_DIR)/FunVideo.app/FunVideo";
			};
			name = Debug;
		};
		1046C51B1BE0A30000E1AB3C /* Release */ = {
			isa = XCBuildConfiguration;
			buildSettings = {
				BUNDLE_LOADER = "$(TEST_HOST)";
				INFOPLIST_FILE = FunVideoTests/Info.plist;
				LD_RUNPATH_SEARCH_PATHS = "$(inherited) @executable_path/Frameworks @loader_path/Frameworks";
				PRODUCT_BUNDLE_IDENTIFIER = FrankieWB.FunVideoTests;
				PRODUCT_NAME = "$(TARGET_NAME)";
				TEST_HOST = "$(BUILT_PRODUCTS_DIR)/FunVideo.app/FunVideo";
			};
			name = Release;
		};
		1046C51D1BE0A30000E1AB3C /* Debug */ = {
			isa = XCBuildConfiguration;
			buildSettings = {
				INFOPLIST_FILE = FunVideoUITests/Info.plist;
				LD_RUNPATH_SEARCH_PATHS = "$(inherited) @executable_path/Frameworks @loader_path/Frameworks";
				PRODUCT_BUNDLE_IDENTIFIER = FrankieWB.FunVideoUITests;
				PRODUCT_NAME = "$(TARGET_NAME)";
				TEST_TARGET_NAME = FunVideo;
				USES_XCTRUNNER = YES;
			};
			name = Debug;
		};
		1046C51E1BE0A30000E1AB3C /* Release */ = {
			isa = XCBuildConfiguration;
			buildSettings = {
				INFOPLIST_FILE = FunVideoUITests/Info.plist;
				LD_RUNPATH_SEARCH_PATHS = "$(inherited) @executable_path/Frameworks @loader_path/Frameworks";
				PRODUCT_BUNDLE_IDENTIFIER = FrankieWB.FunVideoUITests;
				PRODUCT_NAME = "$(TARGET_NAME)";
				TEST_TARGET_NAME = FunVideo;
				USES_XCTRUNNER = YES;
			};
			name = Release;
		};
/* End XCBuildConfiguration section */

/* Begin XCConfigurationList section */
		1046C4E11BE0A30000E1AB3C /* Build configuration list for PBXProject "FunVideo" */ = {
			isa = XCConfigurationList;
			buildConfigurations = (
				1046C5141BE0A30000E1AB3C /* Debug */,
				1046C5151BE0A30000E1AB3C /* Release */,
			);
			defaultConfigurationIsVisible = 0;
			defaultConfigurationName = Release;
		};
		1046C5161BE0A30000E1AB3C /* Build configuration list for PBXNativeTarget "FunVideo" */ = {
			isa = XCConfigurationList;
			buildConfigurations = (
				1046C5171BE0A30000E1AB3C /* Debug */,
				1046C5181BE0A30000E1AB3C /* Release */,
			);
			defaultConfigurationIsVisible = 0;
			defaultConfigurationName = Release;
		};
		1046C5191BE0A30000E1AB3C /* Build configuration list for PBXNativeTarget "FunVideoTests" */ = {
			isa = XCConfigurationList;
			buildConfigurations = (
				1046C51A1BE0A30000E1AB3C /* Debug */,
				1046C51B1BE0A30000E1AB3C /* Release */,
			);
			defaultConfigurationIsVisible = 0;
			defaultConfigurationName = Release;
		};
		1046C51C1BE0A30000E1AB3C /* Build configuration list for PBXNativeTarget "FunVideoUITests" */ = {
			isa = XCConfigurationList;
			buildConfigurations = (
				1046C51D1BE0A30000E1AB3C /* Debug */,
				1046C51E1BE0A30000E1AB3C /* Release */,
			);
			defaultConfigurationIsVisible = 0;
			defaultConfigurationName = Release;
		};
/* End XCConfigurationList section */

/* Begin XCVersionGroup section */
		1046C4F51BE0A30000E1AB3C /* FunVideo.xcdatamodeld */ = {
			isa = XCVersionGroup;
			children = (
				1046C4F61BE0A30000E1AB3C /* FunVideo.xcdatamodel */,
			);
			currentVersion = 1046C4F61BE0A30000E1AB3C /* FunVideo.xcdatamodel */;
			path = FunVideo.xcdatamodeld;
			sourceTree = "<group>";
			versionGroupType = wrapper.xcdatamodel;
		};
/* End XCVersionGroup section */
	};
	rootObject = 1046C4DE1BE0A30000E1AB3C /* Project object */;
}
